
Microsoft Visual Studio Solution File, Format Version 12.00
# Visual Studio 15
VisualStudioVersion = 15.0.27428.1
MinimumVisualStudioVersion = 10.0.40219.1
Project("{FAE04EC0-301F-11D3-BF4B-00C04F79EFBC}") = "StockManagementApp", "StockManagementApp\StockManagementApp.csproj", "{7818639F-C8D7-4184-9808-6321FC80E203}"
EndProject
Project("{FAE04EC0-301F-11D3-BF4B-00C04F79EFBC}") = "StockManagement.Models", "StockManagement.Models\StockManagement.Models.csproj", "{45A1A3A9-D94B-40BA-A311-A56B0874D8F0}"
EndProject
Project("{FAE04EC0-301F-11D3-BF4B-00C04F79EFBC}") = "StockManagement.Repositories", "StockManagement.Repositories\StockManagement.Repositories.csproj", "{9A6A0DA1-F4D0-41D6-9634-8740F183EE0E}"
EndProject
Project("{FAE04EC0-301F-11D3-BF4B-00C04F79EFBC}") = "StockManagement.BLL", "StockManagement.BLL\StockManagement.BLL.csproj", "{DF1668B1-F66B-4AF8-BEBE-86C297628519}"
EndProject
Project("{FAE04EC0-301F-11D3-BF4B-00C04F79EFBC}") = "StockManagementApp.Models.Contracts", "StockManagementApp.Models.Contracts\StockManagementApp.Models.Contracts.csproj", "{E63EB5DC-CA0F-4313-B3DB-CE39D560AF4C}"
EndProject
Project("{FAE04EC0-301F-11D3-BF4B-00C04F79EFBC}") = "StockManagement.Repositories.Contracts", "StockManagement.Repositories.Contracts\StockManagement.Repositories.Contracts.csproj", "{16BFA34F-CCB4-4610-900D-54B4DB5FD8B1}"
EndProject
Project("{FAE04EC0-301F-11D3-BF4B-00C04F79EFBC}") = "StockManagement.BLL.Contracts", "StockManagement.BLL.Contracts\StockManagement.BLL.Contracts.csproj", "{267A0A4F-0043-4319-83E3-D99735602853}"
EndProject
Global
	GlobalSection(SolutionConfigurationPlatforms) = preSolution
		Debug|Any CPU = Debug|Any CPU
		Release|Any CPU = Release|Any CPU
	EndGlobalSection
	GlobalSection(ProjectConfigurationPlatforms) = postSolution
		{7818639F-C8D7-4184-9808-6321FC80E203}.Debug|Any CPU.ActiveCfg = Debug|Any CPU
		{7818639F-C8D7-4184-9808-6321FC80E203}.Debug|Any CPU.Build.0 = Debug|Any CPU
		{7818639F-C8D7-4184-9808-6321FC80E203}.Release|Any CPU.ActiveCfg = Release|Any CPU
		{7818639F-C8D7-4184-9808-6321FC80E203}.Release|Any CPU.Build.0 = Release|Any CPU
		{45A1A3A9-D94B-40BA-A311-A56B0874D8F0}.Debug|Any CPU.ActiveCfg = Debug|Any CPU
		{45A1A3A9-D94B-40BA-A311-A56B0874D8F0}.Debug|Any CPU.Build.0 = Debug|Any CPU
		{45A1A3A9-D94B-40BA-A311-A56B0874D8F0}.Release|Any CPU.ActiveCfg = Release|Any CPU
		{45A1A3A9-D94B-40BA-A311-A56B0874D8F0}.Release|Any CPU.Build.0 = Release|Any CPU
		{9A6A0DA1-F4D0-41D6-9634-8740F183EE0E}.Debug|Any CPU.ActiveCfg = Debug|Any CPU
		{9A6A0DA1-F4D0-41D6-9634-8740F183EE0E}.Debug|Any CPU.Build.0 = Debug|Any CPU
		{9A6A0DA1-F4D0-41D6-9634-8740F183EE0E}.Release|Any CPU.ActiveCfg = Release|Any CPU
		{9A6A0DA1-F4D0-41D6-9634-8740F183EE0E}.Release|Any CPU.Build.0 = Release|Any CPU
		{DF1668B1-F66B-4AF8-BEBE-86C297628519}.Debug|Any CPU.ActiveCfg = Debug|Any CPU
		{DF1668B1-F66B-4AF8-BEBE-86C297628519}.Debug|Any CPU.Build.0 = Debug|Any CPU
		{DF1668B1-F66B-4AF8-BEBE-86C297628519}.Release|Any CPU.ActiveCfg = Release|Any CPU
		{DF1668B1-F66B-4AF8-BEBE-86C297628519}.Release|Any CPU.Build.0 = Release|Any CPU
		{E63EB5DC-CA0F-4313-B3DB-CE39D560AF4C}.Debug|Any CPU.ActiveCfg = Debug|Any CPU
		{E63EB5DC-CA0F-4313-B3DB-CE39D560AF4C}.Debug|Any CPU.Build.0 = Debug|Any CPU
		{E63EB5DC-CA0F-4313-B3DB-CE39D560AF4C}.Release|Any CPU.ActiveCfg = Release|Any CPU
		{E63EB5DC-CA0F-4313-B3DB-CE39D560AF4C}.Release|Any CPU.Build.0 = Release|Any CPU
		{16BFA34F-CCB4-4610-900D-54B4DB5FD8B1}.Debug|Any CPU.ActiveCfg = Debug|Any CPU
		{16BFA34F-CCB4-4610-900D-54B4DB5FD8B1}.Debug|Any CPU.Build.0 = Debug|Any CPU
		{16BFA34F-CCB4-4610-900D-54B4DB5FD8B1}.Release|Any CPU.ActiveCfg = Release|Any CPU
		{16BFA34F-CCB4-4610-900D-54B4DB5FD8B1}.Release|Any CPU.Build.0 = Release|Any CPU
		{267A0A4F-0043-4319-83E3-D99735602853}.Debug|Any CPU.ActiveCfg = Debug|Any CPU
		{267A0A4F-0043-4319-83E3-D99735602853}.Debug|Any CPU.Build.0 = Debug|Any CPU
		{267A0A4F-0043-4319-83E3-D99735602853}.Release|Any CPU.ActiveCfg = Release|Any CPU
		{267A0A4F-0043-4319-83E3-D99735602853}.Release|Any CPU.Build.0 = Release|Any CPU
	EndGlobalSection
	GlobalSection(SolutionProperties) = preSolution
		HideSolutionNode = FALSE
	EndGlobalSection
	GlobalSection(ExtensibilityGlobals) = postSolution
		SolutionGuid = {CBF0D6ED-E8F2-42CE-B850-1CFBB6D6A195}
	EndGlobalSection
EndGlobal
